
Microsoft Visual Studio Solution File, Format Version 12.00
# Visual Studio 2015
Project("{FAE04EC0-301F-11D3-BF4B-00C04F79EFBC}") = "Frog game.CSharp.Plugins", "Frog game.CSharp.Plugins.csproj", "{7634960D-0C13-AE2F-3834-67F3434224AD}"
EndProject
Project("{FAE04EC0-301F-11D3-BF4B-00C04F79EFBC}") = "Frog game.CSharp", "Frog game.CSharp.csproj", "{6F6C1991-C8CD-22F2-7FE0-BCB9B14A4E4B}"
EndProject
Project("{FAE04EC0-301F-11D3-BF4B-00C04F79EFBC}") = "Frog game.CSharp.Editor", "Frog game.CSharp.Editor.csproj", "{CD62726E-FD76-99CD-583A-989AAF0DB0BE}"
EndProject
Global
	GlobalSection(SolutionConfigurationPlatforms) = preSolution
		Debug|Any CPU = Debug|Any CPU
		Release|Any CPU = Release|Any CPU
	EndGlobalSection
	GlobalSection(ProjectConfigurationPlatforms) = postSolution
		{7634960D-0C13-AE2F-3834-67F3434224AD}.Debug|Any CPU.ActiveCfg = Debug|Any CPU
		{7634960D-0C13-AE2F-3834-67F3434224AD}.Debug|Any CPU.Build.0 = Debug|Any CPU
		{7634960D-0C13-AE2F-3834-67F3434224AD}.Release|Any CPU.ActiveCfg = Release|Any CPU
		{7634960D-0C13-AE2F-3834-67F3434224AD}.Release|Any CPU.Build.0 = Release|Any CPU
		{6F6C1991-C8CD-22F2-7FE0-BCB9B14A4E4B}.Debug|Any CPU.ActiveCfg = Debug|Any CPU
		{6F6C1991-C8CD-22F2-7FE0-BCB9B14A4E4B}.Debug|Any CPU.Build.0 = Debug|Any CPU
		{6F6C1991-C8CD-22F2-7FE0-BCB9B14A4E4B}.Release|Any CPU.ActiveCfg = Release|Any CPU
		{6F6C1991-C8CD-22F2-7FE0-BCB9B14A4E4B}.Release|Any CPU.Build.0 = Release|Any CPU
		{CD62726E-FD76-99CD-583A-989AAF0DB0BE}.Debug|Any CPU.ActiveCfg = Debug|Any CPU
		{CD62726E-FD76-99CD-583A-989AAF0DB0BE}.Debug|Any CPU.Build.0 = Debug|Any CPU
		{CD62726E-FD76-99CD-583A-989AAF0DB0BE}.Release|Any CPU.ActiveCfg = Release|Any CPU
		{CD62726E-FD76-99CD-583A-989AAF0DB0BE}.Release|Any CPU.Build.0 = Release|Any CPU
	EndGlobalSection
	GlobalSection(SolutionProperties) = preSolution
		HideSolutionNode = FALSE
	EndGlobalSection
EndGlobal
